
Microsoft Visual Studio Solution File, Format Version 12.00
# Visual Studio Version 17
VisualStudioVersion = 17.11.35312.102
MinimumVisualStudioVersion = 10.0.40219.1
Project("{FAE04EC0-301F-11D3-BF4B-00C04F79EFBC}") = "xe9c_gui", "xe9c_gui\xe9c_gui.csproj", "{6DEC2722-3C4D-4431-9131-0C688804A684}"
EndProject
Global
	GlobalSection(SolutionConfigurationPlatforms) = preSolution
		Debug|Any CPU = Debug|Any CPU
		Release|Any CPU = Release|Any CPU
	EndGlobalSection
	GlobalSection(ProjectConfigurationPlatforms) = postSolution
		{6DEC2722-3C4D-4431-9131-0C688804A684}.Debug|Any CPU.ActiveCfg = Debug|Any CPU
		{6DEC2722-3C4D-4431-9131-0C688804A684}.Debug|Any CPU.Build.0 = Debug|Any CPU
		{6DEC2722-3C4D-4431-9131-0C688804A684}.Release|Any CPU.ActiveCfg = Release|Any CPU
		{6DEC2722-3C4D-4431-9131-0C688804A684}.Release|Any CPU.Build.0 = Release|Any CPU
	EndGlobalSection
	GlobalSection(SolutionProperties) = preSolution
		HideSolutionNode = FALSE
	EndGlobalSection
	GlobalSection(ExtensibilityGlobals) = postSolution
		SolutionGuid = {8940885A-FBAA-4089-A2F5-46BEF69DE823}
	EndGlobalSection
EndGlobal
